
Microsoft Visual Studio Solution File, Format Version 12.00
# Visual Studio 15
VisualStudioVersion = 15.0.28307.705
MinimumVisualStudioVersion = 10.0.40219.1
Project("{FAE04EC0-301F-11D3-BF4B-00C04F79EFBC}") = "ConsoleApp3", "ConsoleApp3\ConsoleApp3.csproj", "{AC58AA0D-1F83-40FE-AD8E-858AAF5CEC1D}"
EndProject
Global
	GlobalSection(SolutionConfigurationPlatforms) = preSolution
		Debug|Any CPU = Debug|Any CPU
		Release|Any CPU = Release|Any CPU
	EndGlobalSection
	GlobalSection(ProjectConfigurationPlatforms) = postSolution
		{AC58AA0D-1F83-40FE-AD8E-858AAF5CEC1D}.Debug|Any CPU.ActiveCfg = Debug|Any CPU
		{AC58AA0D-1F83-40FE-AD8E-858AAF5CEC1D}.Debug|Any CPU.Build.0 = Debug|Any CPU
		{AC58AA0D-1F83-40FE-AD8E-858AAF5CEC1D}.Release|Any CPU.ActiveCfg = Release|Any CPU
		{AC58AA0D-1F83-40FE-AD8E-858AAF5CEC1D}.Release|Any CPU.Build.0 = Release|Any CPU
	EndGlobalSection
	GlobalSection(SolutionProperties) = preSolution
		HideSolutionNode = FALSE
	EndGlobalSection
	GlobalSection(ExtensibilityGlobals) = postSolution
		SolutionGuid = {69521858-4A73-4E98-BA39-FDA6FB5D72C0}
	EndGlobalSection
EndGlobal
